
Microsoft Visual Studio Solution File, Format Version 12.00
# Visual Studio 15
VisualStudioVersion = 15.0.27703.2000
MinimumVisualStudioVersion = 10.0.40219.1
Project("{FAE04EC0-301F-11D3-BF4B-00C04F79EFBC}") = "Zoo", "Zoo\Zoo.csproj", "{673C51E0-A5E2-4BF1-8385-68C66768DABE}"
EndProject
Global
	GlobalSection(SolutionConfigurationPlatforms) = preSolution
		Debug|Any CPU = Debug|Any CPU
		Release|Any CPU = Release|Any CPU
	EndGlobalSection
	GlobalSection(ProjectConfigurationPlatforms) = postSolution
		{673C51E0-A5E2-4BF1-8385-68C66768DABE}.Debug|Any CPU.ActiveCfg = Debug|Any CPU
		{673C51E0-A5E2-4BF1-8385-68C66768DABE}.Debug|Any CPU.Build.0 = Debug|Any CPU
		{673C51E0-A5E2-4BF1-8385-68C66768DABE}.Release|Any CPU.ActiveCfg = Release|Any CPU
		{673C51E0-A5E2-4BF1-8385-68C66768DABE}.Release|Any CPU.Build.0 = Release|Any CPU
	EndGlobalSection
	GlobalSection(SolutionProperties) = preSolution
		HideSolutionNode = FALSE
	EndGlobalSection
	GlobalSection(ExtensibilityGlobals) = postSolution
		SolutionGuid = {2D5DD2B9-E029-4714-BD6B-669ED15031DA}
	EndGlobalSection
EndGlobal
