
Microsoft Visual Studio Solution File, Format Version 12.00
# Visual Studio 15
VisualStudioVersion = 15.0.27703.2000
MinimumVisualStudioVersion = 10.0.40219.1
Project("{FAE04EC0-301F-11D3-BF4B-00C04F79EFBC}") = "TheRedditEF", "TheRedditEF\TheRedditEF.csproj", "{50A0A863-293D-49D5-A518-A41DAC58D19A}"
EndProject
Global
	GlobalSection(SolutionConfigurationPlatforms) = preSolution
		Debug|Any CPU = Debug|Any CPU
		Release|Any CPU = Release|Any CPU
	EndGlobalSection
	GlobalSection(ProjectConfigurationPlatforms) = postSolution
		{50A0A863-293D-49D5-A518-A41DAC58D19A}.Debug|Any CPU.ActiveCfg = Debug|Any CPU
		{50A0A863-293D-49D5-A518-A41DAC58D19A}.Debug|Any CPU.Build.0 = Debug|Any CPU
		{50A0A863-293D-49D5-A518-A41DAC58D19A}.Release|Any CPU.ActiveCfg = Release|Any CPU
		{50A0A863-293D-49D5-A518-A41DAC58D19A}.Release|Any CPU.Build.0 = Release|Any CPU
	EndGlobalSection
	GlobalSection(SolutionProperties) = preSolution
		HideSolutionNode = FALSE
	EndGlobalSection
	GlobalSection(ExtensibilityGlobals) = postSolution
		SolutionGuid = {7F106F41-112D-480D-B735-4B21F6EA7A15}
	EndGlobalSection
EndGlobal
