
Microsoft Visual Studio Solution File, Format Version 12.00
# Visual Studio 15
VisualStudioVersion = 15.0.27703.2000
MinimumVisualStudioVersion = 10.0.40219.1
Project("{FAE04EC0-301F-11D3-BF4B-00C04F79EFBC}") = "Counter", "Counter\Counter.csproj", "{629F976F-A342-4054-81F1-FA03C834C86C}"
EndProject
Global
	GlobalSection(SolutionConfigurationPlatforms) = preSolution
		Debug|Any CPU = Debug|Any CPU
		Release|Any CPU = Release|Any CPU
	EndGlobalSection
	GlobalSection(ProjectConfigurationPlatforms) = postSolution
		{629F976F-A342-4054-81F1-FA03C834C86C}.Debug|Any CPU.ActiveCfg = Debug|Any CPU
		{629F976F-A342-4054-81F1-FA03C834C86C}.Debug|Any CPU.Build.0 = Debug|Any CPU
		{629F976F-A342-4054-81F1-FA03C834C86C}.Release|Any CPU.ActiveCfg = Release|Any CPU
		{629F976F-A342-4054-81F1-FA03C834C86C}.Release|Any CPU.Build.0 = Release|Any CPU
	EndGlobalSection
	GlobalSection(SolutionProperties) = preSolution
		HideSolutionNode = FALSE
	EndGlobalSection
	GlobalSection(ExtensibilityGlobals) = postSolution
		SolutionGuid = {7C6A2577-308C-4E7F-9CC5-FA08C6A34DC1}
	EndGlobalSection
EndGlobal
