
Microsoft Visual Studio Solution File, Format Version 12.00
# Visual Studio 15
VisualStudioVersion = 15.0.27703.2000
MinimumVisualStudioVersion = 10.0.40219.1
Project("{FAE04EC0-301F-11D3-BF4B-00C04F79EFBC}") = "garden-app", "garden-app\garden-app.csproj", "{7A36B92A-1DA7-4F20-8F7A-6713CC738DF6}"
EndProject
Global
	GlobalSection(SolutionConfigurationPlatforms) = preSolution
		Debug|Any CPU = Debug|Any CPU
		Release|Any CPU = Release|Any CPU
	EndGlobalSection
	GlobalSection(ProjectConfigurationPlatforms) = postSolution
		{7A36B92A-1DA7-4F20-8F7A-6713CC738DF6}.Debug|Any CPU.ActiveCfg = Debug|Any CPU
		{7A36B92A-1DA7-4F20-8F7A-6713CC738DF6}.Debug|Any CPU.Build.0 = Debug|Any CPU
		{7A36B92A-1DA7-4F20-8F7A-6713CC738DF6}.Release|Any CPU.ActiveCfg = Release|Any CPU
		{7A36B92A-1DA7-4F20-8F7A-6713CC738DF6}.Release|Any CPU.Build.0 = Release|Any CPU
	EndGlobalSection
	GlobalSection(SolutionProperties) = preSolution
		HideSolutionNode = FALSE
	EndGlobalSection
	GlobalSection(ExtensibilityGlobals) = postSolution
		SolutionGuid = {14711674-848B-4565-B968-F818DF4C091F}
	EndGlobalSection
EndGlobal
